
Microsoft Visual Studio Solution File, Format Version 12.00
# Visual Studio Version 17
VisualStudioVersion = 17.7.34202.233
MinimumVisualStudioVersion = 10.0.40219.1
Project("{54A90642-561A-4BB1-A94E-469ADEE60C69}") = "GeoCop.Frontend", "src\GeoCop.Frontend\GeoCop.Frontend.esproj", "{3970CA03-F5E1-47CE-A054-D4B358F8CDB0}"
EndProject
Project("{9A19103F-16F7-4668-BE54-9A1E7A4F7556}") = "GeoCop.Api", "src\GeoCop.Api\GeoCop.Api.csproj", "{29505995-981F-45FE-9410-684E086DC556}"
	ProjectSection(ProjectDependencies) = postProject
		{41D679A6-C4B1-4B18-B9AB-BEC6C647A180} = {41D679A6-C4B1-4B18-B9AB-BEC6C647A180}
	EndProjectSection
EndProject
Project("{9A19103F-16F7-4668-BE54-9A1E7A4F7556}") = "GeoCop.Api.Test", "tests\GeoCop.Api.Test\GeoCop.Api.Test.csproj", "{CD485179-7CB7-4131-8B17-43634CA6857C}"
EndProject
Project("{E53339B2-1760-4266-BCC7-CA923CBCF16C}") = "docker-compose", "src\GeoCop.Docker\docker-compose.dcproj", "{41D679A6-C4B1-4B18-B9AB-BEC6C647A180}"
EndProject
Global
	GlobalSection(SolutionConfigurationPlatforms) = preSolution
		Debug|Any CPU = Debug|Any CPU
		Release|Any CPU = Release|Any CPU
	EndGlobalSection
	GlobalSection(ProjectConfigurationPlatforms) = postSolution
		{3970CA03-F5E1-47CE-A054-D4B358F8CDB0}.Debug|Any CPU.ActiveCfg = Debug|Any CPU
		{3970CA03-F5E1-47CE-A054-D4B358F8CDB0}.Debug|Any CPU.Build.0 = Debug|Any CPU
		{3970CA03-F5E1-47CE-A054-D4B358F8CDB0}.Debug|Any CPU.Deploy.0 = Debug|Any CPU
		{3970CA03-F5E1-47CE-A054-D4B358F8CDB0}.Release|Any CPU.ActiveCfg = Release|Any CPU
		{3970CA03-F5E1-47CE-A054-D4B358F8CDB0}.Release|Any CPU.Build.0 = Release|Any CPU
		{3970CA03-F5E1-47CE-A054-D4B358F8CDB0}.Release|Any CPU.Deploy.0 = Release|Any CPU
		{29505995-981F-45FE-9410-684E086DC556}.Debug|Any CPU.ActiveCfg = Debug|Any CPU
		{29505995-981F-45FE-9410-684E086DC556}.Debug|Any CPU.Build.0 = Debug|Any CPU
		{29505995-981F-45FE-9410-684E086DC556}.Release|Any CPU.ActiveCfg = Release|Any CPU
		{29505995-981F-45FE-9410-684E086DC556}.Release|Any CPU.Build.0 = Release|Any CPU
		{CD485179-7CB7-4131-8B17-43634CA6857C}.Debug|Any CPU.ActiveCfg = Debug|Any CPU
		{CD485179-7CB7-4131-8B17-43634CA6857C}.Debug|Any CPU.Build.0 = Debug|Any CPU
		{CD485179-7CB7-4131-8B17-43634CA6857C}.Release|Any CPU.ActiveCfg = Release|Any CPU
		{CD485179-7CB7-4131-8B17-43634CA6857C}.Release|Any CPU.Build.0 = Release|Any CPU
		{41D679A6-C4B1-4B18-B9AB-BEC6C647A180}.Debug|Any CPU.ActiveCfg = Debug|Any CPU
		{41D679A6-C4B1-4B18-B9AB-BEC6C647A180}.Debug|Any CPU.Build.0 = Debug|Any CPU
		{41D679A6-C4B1-4B18-B9AB-BEC6C647A180}.Release|Any CPU.ActiveCfg = Release|Any CPU
		{41D679A6-C4B1-4B18-B9AB-BEC6C647A180}.Release|Any CPU.Build.0 = Release|Any CPU
	EndGlobalSection
	GlobalSection(SolutionProperties) = preSolution
		HideSolutionNode = FALSE
	EndGlobalSection
	GlobalSection(ExtensibilityGlobals) = postSolution
		SolutionGuid = {38C9C670-A049-4FCE-89CF-E392963A6D81}
	EndGlobalSection
EndGlobal
